// !$*UTF8*$!
{
	archiveVersion = 1;
	classes = {
	};
	objectVersion = 52;
	objects = {

/* Begin PBXBuildFile section */
		F00634A126D03C3B001771EE /* MainNavigationController.swift in Sources */ = {isa = PBXBuildFile; fileRef = F00634A026D03C3B001771EE /* MainNavigationController.swift */; };
		F00634A526D4159D001771EE /* ShowSearchRequestResponse.swift in Sources */ = {isa = PBXBuildFile; fileRef = F00634A426D4159C001771EE /* ShowSearchRequestResponse.swift */; };
		F0211DDA265981EE0037F170 /* ShowCollectionViewData.swift in Sources */ = {isa = PBXBuildFile; fileRef = F0211DD9265981EE0037F170 /* ShowCollectionViewData.swift */; };
		F0211DDC2659DF7B0037F170 /* ShowCollectionViewLayout.swift in Sources */ = {isa = PBXBuildFile; fileRef = F0211DDB2659DF7B0037F170 /* ShowCollectionViewLayout.swift */; };
		F0211DDE2659E6A30037F170 /* ShowCollectionViewDelegate.swift in Sources */ = {isa = PBXBuildFile; fileRef = F0211DDD2659E6A30037F170 /* ShowCollectionViewDelegate.swift */; };
		F02537C926B5A36C00187FCE /* RealmManager.swift in Sources */ = {isa = PBXBuildFile; fileRef = F02537C826B5A36C00187FCE /* RealmManager.swift */; };
		F02537CD26B5C72000187FCE /* ShowCollectionViewModel.swift in Sources */ = {isa = PBXBuildFile; fileRef = F02537CC26B5C72000187FCE /* ShowCollectionViewModel.swift */; };
		F02537D626B5D7C500187FCE /* Show.swift in Sources */ = {isa = PBXBuildFile; fileRef = F02537D526B5D7C500187FCE /* Show.swift */; };
		F02537DA26B884FC00187FCE /* Episode.swift in Sources */ = {isa = PBXBuildFile; fileRef = F02537D926B884FC00187FCE /* Episode.swift */; };
		F042E0F5265AF85500405559 /* HomeTableViewModel.swift in Sources */ = {isa = PBXBuildFile; fileRef = F042E0F4265AF85500405559 /* HomeTableViewModel.swift */; };
		F0519A412693E9DC0060E476 /* HomeTableViewController.swift in Sources */ = {isa = PBXBuildFile; fileRef = F0519A402693E9DB0060E476 /* HomeTableViewController.swift */; };
		F0519A43269494890060E476 /* ShowCollectionViewCell.swift in Sources */ = {isa = PBXBuildFile; fileRef = F0519A42269494890060E476 /* ShowCollectionViewCell.swift */; };
		F0519A48269494A10060E476 /* HighlightCollectionViewCell.swift in Sources */ = {isa = PBXBuildFile; fileRef = F0519A46269494A10060E476 /* HighlightCollectionViewCell.swift */; };
		F0519A49269494A10060E476 /* HighlightTableViewCell.swift in Sources */ = {isa = PBXBuildFile; fileRef = F0519A47269494A10060E476 /* HighlightTableViewCell.swift */; };
		F0519A4D2695EE320060E476 /* HighlightViewModel.swift in Sources */ = {isa = PBXBuildFile; fileRef = F0519A4C2695EE320060E476 /* HighlightViewModel.swift */; };
		F054C9C82649C86300760E66 /* AppDelegate.swift in Sources */ = {isa = PBXBuildFile; fileRef = F054C9C72649C86300760E66 /* AppDelegate.swift */; };
		F054C9CD2649C86300760E66 /* Main.storyboard in Resources */ = {isa = PBXBuildFile; fileRef = F054C9CB2649C86300760E66 /* Main.storyboard */; };
		F054C9CF2649C86600760E66 /* Assets.xcassets in Resources */ = {isa = PBXBuildFile; fileRef = F054C9CE2649C86600760E66 /* Assets.xcassets */; };
		F054C9D22649C86600760E66 /* LaunchScreen.storyboard in Resources */ = {isa = PBXBuildFile; fileRef = F054C9D02649C86600760E66 /* LaunchScreen.storyboard */; };
		F054C9DD2649C86600760E66 /* AfyaChallengeTests.swift in Sources */ = {isa = PBXBuildFile; fileRef = F054C9DC2649C86600760E66 /* AfyaChallengeTests.swift */; };
		F054C9E82649C88100760E66 /* APIClient.swift in Sources */ = {isa = PBXBuildFile; fileRef = F054C9E72649C88100760E66 /* APIClient.swift */; };
		F05B571126C9C7FD003F9B72 /* EpisodeRequestResponse.swift in Sources */ = {isa = PBXBuildFile; fileRef = F05B570E26C9C7FD003F9B72 /* EpisodeRequestResponse.swift */; };
		F05B571226C9C7FD003F9B72 /* ImageRequestResponse.swift in Sources */ = {isa = PBXBuildFile; fileRef = F05B570F26C9C7FD003F9B72 /* ImageRequestResponse.swift */; };
		F05B571326C9C7FD003F9B72 /* ShowRequestResponse.swift in Sources */ = {isa = PBXBuildFile; fileRef = F05B571026C9C7FD003F9B72 /* ShowRequestResponse.swift */; };
		F05B571C26C9C891003F9B72 /* APIClientTests.swift in Sources */ = {isa = PBXBuildFile; fileRef = F05B571826C9C890003F9B72 /* APIClientTests.swift */; };
		F05B571D26C9C891003F9B72 /* EpisodeTests.swift in Sources */ = {isa = PBXBuildFile; fileRef = F05B571926C9C890003F9B72 /* EpisodeTests.swift */; };
		F05B571E26C9C891003F9B72 /* ShowTests.swift in Sources */ = {isa = PBXBuildFile; fileRef = F05B571A26C9C890003F9B72 /* ShowTests.swift */; };
		F05B571F26C9C891003F9B72 /* RealmManagerTests.swift in Sources */ = {isa = PBXBuildFile; fileRef = F05B571B26C9C891003F9B72 /* RealmManagerTests.swift */; };
		F06BA1E126DD630600B293E1 /* ShowDetailViewModel.swift in Sources */ = {isa = PBXBuildFile; fileRef = F06BA1E026DD630600B293E1 /* ShowDetailViewModel.swift */; };
		F06D0E0426DC1C27002968E7 /* ShowCollectionCellViewModel.swift in Sources */ = {isa = PBXBuildFile; fileRef = F06D0E0326DC1C27002968E7 /* ShowCollectionCellViewModel.swift */; };
		F08FE944264B51FA00D01F4E /* ShowCollectionViewController.swift in Sources */ = {isa = PBXBuildFile; fileRef = F08FE943264B51FA00D01F4E /* ShowCollectionViewController.swift */; };
		F08FE949264B743700D01F4E /* ShowDetailViewController.swift in Sources */ = {isa = PBXBuildFile; fileRef = F08FE948264B743700D01F4E /* ShowDetailViewController.swift */; };
		F08FE94B264C19E400D01F4E /* EpisodeDetailViewController.swift in Sources */ = {isa = PBXBuildFile; fileRef = F08FE94A264C19E400D01F4E /* EpisodeDetailViewController.swift */; };
		F0AA6D9F265EC347006BFAE8 /* ShowTableViewCell.swift in Sources */ = {isa = PBXBuildFile; fileRef = F0AA6D9E265EC347006BFAE8 /* ShowTableViewCell.swift */; };
		F0AA6DA2265ECA4A006BFAE8 /* HomeTableViewDelegate.swift in Sources */ = {isa = PBXBuildFile; fileRef = F0AA6DA1265ECA4A006BFAE8 /* HomeTableViewDelegate.swift */; };
		F0AA6DA4265ED017006BFAE8 /* ShowTableViewCellCollectionDelegate.swift in Sources */ = {isa = PBXBuildFile; fileRef = F0AA6DA3265ED017006BFAE8 /* ShowTableViewCellCollectionDelegate.swift */; };
		F0AA6DA6265EDB69006BFAE8 /* ShowTableViewCellCollectionLayout.swift in Sources */ = {isa = PBXBuildFile; fileRef = F0AA6DA5265EDB69006BFAE8 /* ShowTableViewCellCollectionLayout.swift */; };
		F0AA6DA826600E54006BFAE8 /* ShowTableViewCellCollectionData.swift in Sources */ = {isa = PBXBuildFile; fileRef = F0AA6DA726600E54006BFAE8 /* ShowTableViewCellCollectionData.swift */; };
		F0AA6DAE26607CD5006BFAE8 /* SF-Pro-Text-Regular.otf in Resources */ = {isa = PBXBuildFile; fileRef = F0AA6DAB26607C0C006BFAE8 /* SF-Pro-Text-Regular.otf */; };
		F0AA6DAF26607CD9006BFAE8 /* SF-Pro-Text-Bold.otf in Resources */ = {isa = PBXBuildFile; fileRef = F0AA6DAC26607C44006BFAE8 /* SF-Pro-Text-Bold.otf */; };
		F0AA6DB026607CE0006BFAE8 /* SF-Pro-Text-LightItalic.otf in Resources */ = {isa = PBXBuildFile; fileRef = F0AA6DAD26607C9F006BFAE8 /* SF-Pro-Text-LightItalic.otf */; };
		F0C1539026B5A16C009B4BE4 /* Realm in Frameworks */ = {isa = PBXBuildFile; productRef = F0C1538F26B5A16C009B4BE4 /* Realm */; };
		F0C1539226B5A16C009B4BE4 /* RealmSwift in Frameworks */ = {isa = PBXBuildFile; productRef = F0C1539126B5A16C009B4BE4 /* RealmSwift */; };
/* End PBXBuildFile section */

/* Begin PBXContainerItemProxy section */
		F054C9D92649C86600760E66 /* PBXContainerItemProxy */ = {
			isa = PBXContainerItemProxy;
			containerPortal = F054C9BC2649C86300760E66 /* Project object */;
			proxyType = 1;
			remoteGlobalIDString = F054C9C32649C86300760E66;
			remoteInfo = AfyaChallenge;
		};
/* End PBXContainerItemProxy section */

/* Begin PBXFileReference section */
		F00634A026D03C3B001771EE /* MainNavigationController.swift */ = {isa = PBXFileReference; lastKnownFileType = sourcecode.swift; path = MainNavigationController.swift; sourceTree = "<group>"; };
		F00634A426D4159C001771EE /* ShowSearchRequestResponse.swift */ = {isa = PBXFileReference; lastKnownFileType = sourcecode.swift; path = ShowSearchRequestResponse.swift; sourceTree = "<group>"; };
		F0211DD9265981EE0037F170 /* ShowCollectionViewData.swift */ = {isa = PBXFileReference; lastKnownFileType = sourcecode.swift; path = ShowCollectionViewData.swift; sourceTree = "<group>"; };
		F0211DDB2659DF7B0037F170 /* ShowCollectionViewLayout.swift */ = {isa = PBXFileReference; lastKnownFileType = sourcecode.swift; path = ShowCollectionViewLayout.swift; sourceTree = "<group>"; };
		F0211DDD2659E6A30037F170 /* ShowCollectionViewDelegate.swift */ = {isa = PBXFileReference; lastKnownFileType = sourcecode.swift; path = ShowCollectionViewDelegate.swift; sourceTree = "<group>"; };
		F02537C826B5A36C00187FCE /* RealmManager.swift */ = {isa = PBXFileReference; lastKnownFileType = sourcecode.swift; path = RealmManager.swift; sourceTree = "<group>"; };
		F02537CC26B5C72000187FCE /* ShowCollectionViewModel.swift */ = {isa = PBXFileReference; lastKnownFileType = sourcecode.swift; path = ShowCollectionViewModel.swift; sourceTree = "<group>"; };
		F02537D526B5D7C500187FCE /* Show.swift */ = {isa = PBXFileReference; lastKnownFileType = sourcecode.swift; path = Show.swift; sourceTree = "<group>"; };
		F02537D926B884FC00187FCE /* Episode.swift */ = {isa = PBXFileReference; lastKnownFileType = sourcecode.swift; path = Episode.swift; sourceTree = "<group>"; };
		F042E0F4265AF85500405559 /* HomeTableViewModel.swift */ = {isa = PBXFileReference; lastKnownFileType = sourcecode.swift; path = HomeTableViewModel.swift; sourceTree = "<group>"; };
		F0519A402693E9DB0060E476 /* HomeTableViewController.swift */ = {isa = PBXFileReference; fileEncoding = 4; lastKnownFileType = sourcecode.swift; path = HomeTableViewController.swift; sourceTree = "<group>"; };
		F0519A42269494890060E476 /* ShowCollectionViewCell.swift */ = {isa = PBXFileReference; fileEncoding = 4; lastKnownFileType = sourcecode.swift; path = ShowCollectionViewCell.swift; sourceTree = "<group>"; };
		F0519A46269494A10060E476 /* HighlightCollectionViewCell.swift */ = {isa = PBXFileReference; lastKnownFileType = sourcecode.swift; path = HighlightCollectionViewCell.swift; sourceTree = "<group>"; };
		F0519A47269494A10060E476 /* HighlightTableViewCell.swift */ = {isa = PBXFileReference; lastKnownFileType = sourcecode.swift; path = HighlightTableViewCell.swift; sourceTree = "<group>"; };
		F0519A4C2695EE320060E476 /* HighlightViewModel.swift */ = {isa = PBXFileReference; lastKnownFileType = sourcecode.swift; path = HighlightViewModel.swift; sourceTree = "<group>"; };
		F054C9C42649C86300760E66 /* AfyaChallenge.app */ = {isa = PBXFileReference; explicitFileType = wrapper.application; includeInIndex = 0; path = AfyaChallenge.app; sourceTree = BUILT_PRODUCTS_DIR; };
		F054C9C72649C86300760E66 /* AppDelegate.swift */ = {isa = PBXFileReference; lastKnownFileType = sourcecode.swift; path = AppDelegate.swift; sourceTree = "<group>"; };
		F054C9CC2649C86300760E66 /* Base */ = {isa = PBXFileReference; lastKnownFileType = file.storyboard; name = Base; path = Base.lproj/Main.storyboard; sourceTree = "<group>"; };
		F054C9CE2649C86600760E66 /* Assets.xcassets */ = {isa = PBXFileReference; lastKnownFileType = folder.assetcatalog; path = Assets.xcassets; sourceTree = "<group>"; };
		F054C9D12649C86600760E66 /* Base */ = {isa = PBXFileReference; lastKnownFileType = file.storyboard; name = Base; path = Base.lproj/LaunchScreen.storyboard; sourceTree = "<group>"; };
		F054C9D32649C86600760E66 /* Info.plist */ = {isa = PBXFileReference; lastKnownFileType = text.plist.xml; path = Info.plist; sourceTree = "<group>"; };
		F054C9D82649C86600760E66 /* AfyaChallengeTests.xctest */ = {isa = PBXFileReference; explicitFileType = wrapper.cfbundle; includeInIndex = 0; path = AfyaChallengeTests.xctest; sourceTree = BUILT_PRODUCTS_DIR; };
		F054C9DC2649C86600760E66 /* AfyaChallengeTests.swift */ = {isa = PBXFileReference; lastKnownFileType = sourcecode.swift; path = AfyaChallengeTests.swift; sourceTree = "<group>"; };
		F054C9DE2649C86600760E66 /* Info.plist */ = {isa = PBXFileReference; lastKnownFileType = text.plist.xml; path = Info.plist; sourceTree = "<group>"; };
		F054C9E72649C88100760E66 /* APIClient.swift */ = {isa = PBXFileReference; lastKnownFileType = sourcecode.swift; path = APIClient.swift; sourceTree = "<group>"; };
		F05B570E26C9C7FD003F9B72 /* EpisodeRequestResponse.swift */ = {isa = PBXFileReference; fileEncoding = 4; lastKnownFileType = sourcecode.swift; path = EpisodeRequestResponse.swift; sourceTree = "<group>"; };
		F05B570F26C9C7FD003F9B72 /* ImageRequestResponse.swift */ = {isa = PBXFileReference; fileEncoding = 4; lastKnownFileType = sourcecode.swift; path = ImageRequestResponse.swift; sourceTree = "<group>"; };
		F05B571026C9C7FD003F9B72 /* ShowRequestResponse.swift */ = {isa = PBXFileReference; fileEncoding = 4; lastKnownFileType = sourcecode.swift; path = ShowRequestResponse.swift; sourceTree = "<group>"; };
		F05B571826C9C890003F9B72 /* APIClientTests.swift */ = {isa = PBXFileReference; fileEncoding = 4; lastKnownFileType = sourcecode.swift; path = APIClientTests.swift; sourceTree = "<group>"; };
		F05B571926C9C890003F9B72 /* EpisodeTests.swift */ = {isa = PBXFileReference; fileEncoding = 4; lastKnownFileType = sourcecode.swift; path = EpisodeTests.swift; sourceTree = "<group>"; };
		F05B571A26C9C890003F9B72 /* ShowTests.swift */ = {isa = PBXFileReference; fileEncoding = 4; lastKnownFileType = sourcecode.swift; path = ShowTests.swift; sourceTree = "<group>"; };
		F05B571B26C9C891003F9B72 /* RealmManagerTests.swift */ = {isa = PBXFileReference; fileEncoding = 4; lastKnownFileType = sourcecode.swift; path = RealmManagerTests.swift; sourceTree = "<group>"; };
		F06BA1E026DD630600B293E1 /* ShowDetailViewModel.swift */ = {isa = PBXFileReference; lastKnownFileType = sourcecode.swift; path = ShowDetailViewModel.swift; sourceTree = "<group>"; };
		F06D0E0326DC1C27002968E7 /* ShowCollectionCellViewModel.swift */ = {isa = PBXFileReference; lastKnownFileType = sourcecode.swift; path = ShowCollectionCellViewModel.swift; sourceTree = "<group>"; };
		F08FE943264B51FA00D01F4E /* ShowCollectionViewController.swift */ = {isa = PBXFileReference; lastKnownFileType = sourcecode.swift; path = ShowCollectionViewController.swift; sourceTree = "<group>"; };
		F08FE948264B743700D01F4E /* ShowDetailViewController.swift */ = {isa = PBXFileReference; lastKnownFileType = sourcecode.swift; path = ShowDetailViewController.swift; sourceTree = "<group>"; };
		F08FE94A264C19E400D01F4E /* EpisodeDetailViewController.swift */ = {isa = PBXFileReference; lastKnownFileType = sourcecode.swift; path = EpisodeDetailViewController.swift; sourceTree = "<group>"; };
		F0AA6D9E265EC347006BFAE8 /* ShowTableViewCell.swift */ = {isa = PBXFileReference; lastKnownFileType = sourcecode.swift; path = ShowTableViewCell.swift; sourceTree = "<group>"; };
		F0AA6DA1265ECA4A006BFAE8 /* HomeTableViewDelegate.swift */ = {isa = PBXFileReference; lastKnownFileType = sourcecode.swift; path = HomeTableViewDelegate.swift; sourceTree = "<group>"; };
		F0AA6DA3265ED017006BFAE8 /* ShowTableViewCellCollectionDelegate.swift */ = {isa = PBXFileReference; lastKnownFileType = sourcecode.swift; path = ShowTableViewCellCollectionDelegate.swift; sourceTree = "<group>"; };
		F0AA6DA5265EDB69006BFAE8 /* ShowTableViewCellCollectionLayout.swift */ = {isa = PBXFileReference; lastKnownFileType = sourcecode.swift; path = ShowTableViewCellCollectionLayout.swift; sourceTree = "<group>"; };
		F0AA6DA726600E54006BFAE8 /* ShowTableViewCellCollectionData.swift */ = {isa = PBXFileReference; lastKnownFileType = sourcecode.swift; path = ShowTableViewCellCollectionData.swift; sourceTree = "<group>"; };
		F0AA6DAB26607C0C006BFAE8 /* SF-Pro-Text-Regular.otf */ = {isa = PBXFileReference; lastKnownFileType = file; path = "SF-Pro-Text-Regular.otf"; sourceTree = "<group>"; };
		F0AA6DAC26607C44006BFAE8 /* SF-Pro-Text-Bold.otf */ = {isa = PBXFileReference; lastKnownFileType = file; path = "SF-Pro-Text-Bold.otf"; sourceTree = "<group>"; };
		F0AA6DAD26607C9F006BFAE8 /* SF-Pro-Text-LightItalic.otf */ = {isa = PBXFileReference; lastKnownFileType = file; path = "SF-Pro-Text-LightItalic.otf"; sourceTree = "<group>"; };
/* End PBXFileReference section */

/* Begin PBXFrameworksBuildPhase section */
		F054C9C12649C86300760E66 /* Frameworks */ = {
			isa = PBXFrameworksBuildPhase;
			buildActionMask = 2147483647;
			files = (
				F0C1539226B5A16C009B4BE4 /* RealmSwift in Frameworks */,
				F0C1539026B5A16C009B4BE4 /* Realm in Frameworks */,
			);
			runOnlyForDeploymentPostprocessing = 0;
		};
		F054C9D52649C86600760E66 /* Frameworks */ = {
			isa = PBXFrameworksBuildPhase;
			buildActionMask = 2147483647;
			files = (
			);
			runOnlyForDeploymentPostprocessing = 0;
		};
/* End PBXFrameworksBuildPhase section */

/* Begin PBXGroup section */
		F0211DD8265981B00037F170 /* ShowCollection */ = {
			isa = PBXGroup;
			children = (
				F0211DD9265981EE0037F170 /* ShowCollectionViewData.swift */,
				F0211DDD2659E6A30037F170 /* ShowCollectionViewDelegate.swift */,
				F0211DDB2659DF7B0037F170 /* ShowCollectionViewLayout.swift */,
			);
			path = ShowCollection;
			sourceTree = "<group>";
		};
		F02537D226B5CD7400187FCE /* CollectionCell */ = {
			isa = PBXGroup;
			children = (
				F0519A42269494890060E476 /* ShowCollectionViewCell.swift */,
			);
			path = CollectionCell;
			sourceTree = "<group>";
		};
		F042E0F3265AF7BE00405559 /* Home */ = {
			isa = PBXGroup;
			children = (
				F0AA6DA0265EC5BA006BFAE8 /* ShowTableViewCell */,
			);
			path = Home;
			sourceTree = "<group>";
		};
		F0519A3E2693E20E0060E476 /* UI */ = {
			isa = PBXGroup;
			children = (
				F054C9CB2649C86300760E66 /* Main.storyboard */,
				F054C9D02649C86600760E66 /* LaunchScreen.storyboard */,
			);
			path = UI;
			sourceTree = "<group>";
		};
		F0519A3F2693E26C0060E476 /* ViewModel */ = {
			isa = PBXGroup;
			children = (
				F042E0F4265AF85500405559 /* HomeTableViewModel.swift */,
				F02537CC26B5C72000187FCE /* ShowCollectionViewModel.swift */,
				F06BA1E026DD630600B293E1 /* ShowDetailViewModel.swift */,
				F0519A4C2695EE320060E476 /* HighlightViewModel.swift */,
				F06D0E0326DC1C27002968E7 /* ShowCollectionCellViewModel.swift */,
			);
			path = ViewModel;
			sourceTree = "<group>";
		};
		F0519A4A269494D80060E476 /* Highlight */ = {
			isa = PBXGroup;
			children = (
				F0519A46269494A10060E476 /* HighlightCollectionViewCell.swift */,
				F0519A47269494A10060E476 /* HighlightTableViewCell.swift */,
			);
			name = Highlight;
			path = "New Group";
			sourceTree = "<group>";
		};
		F0519A4B2694BC030060E476 /* Backup */ = {
			isa = PBXGroup;
			children = (
				F0AA6DA1265ECA4A006BFAE8 /* HomeTableViewDelegate.swift */,
			);
			path = Backup;
			sourceTree = "<group>";
		};
		F054C9BB2649C86300760E66 = {
			isa = PBXGroup;
			children = (
				F054C9C62649C86300760E66 /* AfyaChallenge */,
				F054C9DB2649C86600760E66 /* AfyaChallengeTests */,
				F054C9C52649C86300760E66 /* Products */,
			);
			sourceTree = "<group>";
		};
		F054C9C52649C86300760E66 /* Products */ = {
			isa = PBXGroup;
			children = (
				F054C9C42649C86300760E66 /* AfyaChallenge.app */,
				F054C9D82649C86600760E66 /* AfyaChallengeTests.xctest */,
			);
			name = Products;
			sourceTree = "<group>";
		};
		F054C9C62649C86300760E66 /* AfyaChallenge */ = {
			isa = PBXGroup;
			children = (
				F054C9EC2649D58600760E66 /* Model */,
				F08FE945264B561900D01F4E /* View */,
				F0519A3F2693E26C0060E476 /* ViewModel */,
				F0A719B82693D84300240D47 /* Service */,
				F0AA6DA926607A5B006BFAE8 /* Resource */,
				F0519A4B2694BC030060E476 /* Backup */,
				F054C9C72649C86300760E66 /* AppDelegate.swift */,
				F054C9CE2649C86600760E66 /* Assets.xcassets */,
				F054C9D32649C86600760E66 /* Info.plist */,
			);
			path = AfyaChallenge;
			sourceTree = "<group>";
		};
		F054C9DB2649C86600760E66 /* AfyaChallengeTests */ = {
			isa = PBXGroup;
			children = (
				F054C9DC2649C86600760E66 /* AfyaChallengeTests.swift */,
				F05B571826C9C890003F9B72 /* APIClientTests.swift */,
				F05B571B26C9C891003F9B72 /* RealmManagerTests.swift */,
				F05B571A26C9C890003F9B72 /* ShowTests.swift */,
				F05B571926C9C890003F9B72 /* EpisodeTests.swift */,
				F054C9DE2649C86600760E66 /* Info.plist */,
			);
			path = AfyaChallengeTests;
			sourceTree = "<group>";
		};
		F054C9EB2649D49100760E66 /* Controller */ = {
			isa = PBXGroup;
			children = (
				F0519A402693E9DB0060E476 /* HomeTableViewController.swift */,
				F08FE943264B51FA00D01F4E /* ShowCollectionViewController.swift */,
				F08FE948264B743700D01F4E /* ShowDetailViewController.swift */,
				F08FE94A264C19E400D01F4E /* EpisodeDetailViewController.swift */,
				F00634A026D03C3B001771EE /* MainNavigationController.swift */,
			);
			path = Controller;
			sourceTree = "<group>";
		};
		F054C9EC2649D58600760E66 /* Model */ = {
			isa = PBXGroup;
			children = (
				F02537D526B5D7C500187FCE /* Show.swift */,
				F02537D926B884FC00187FCE /* Episode.swift */,
			);
			path = Model;
			sourceTree = "<group>";
		};
		F08FE945264B561900D01F4E /* View */ = {
			isa = PBXGroup;
			children = (
				F0519A3E2693E20E0060E476 /* UI */,
				F054C9EB2649D49100760E66 /* Controller */,
				F02537D226B5CD7400187FCE /* CollectionCell */,
				F042E0F3265AF7BE00405559 /* Home */,
				F0211DD8265981B00037F170 /* ShowCollection */,
				F0519A4A269494D80060E476 /* Highlight */,
			);
			path = View;
			sourceTree = "<group>";
		};
		F0A719B82693D84300240D47 /* Service */ = {
			isa = PBXGroup;
			children = (
				F054C9E72649C88100760E66 /* APIClient.swift */,
				F02537C826B5A36C00187FCE /* RealmManager.swift */,
				F05B570E26C9C7FD003F9B72 /* EpisodeRequestResponse.swift */,
				F05B570F26C9C7FD003F9B72 /* ImageRequestResponse.swift */,
				F05B571026C9C7FD003F9B72 /* ShowRequestResponse.swift */,
				F00634A426D4159C001771EE /* ShowSearchRequestResponse.swift */,
			);
			path = Service;
			sourceTree = "<group>";
		};
		F0AA6DA0265EC5BA006BFAE8 /* ShowTableViewCell */ = {
			isa = PBXGroup;
			children = (
				F0AA6D9E265EC347006BFAE8 /* ShowTableViewCell.swift */,
				F0AA6DA726600E54006BFAE8 /* ShowTableViewCellCollectionData.swift */,
				F0AA6DA3265ED017006BFAE8 /* ShowTableViewCellCollectionDelegate.swift */,
				F0AA6DA5265EDB69006BFAE8 /* ShowTableViewCellCollectionLayout.swift */,
			);
			path = ShowTableViewCell;
			sourceTree = "<group>";
		};
		F0AA6DA926607A5B006BFAE8 /* Resource */ = {
			isa = PBXGroup;
			children = (
				F0AA6DAA26607A67006BFAE8 /* Fonts */,
			);
			path = Resource;
			sourceTree = "<group>";
		};
		F0AA6DAA26607A67006BFAE8 /* Fonts */ = {
			isa = PBXGroup;
			children = (
				F0AA6DAB26607C0C006BFAE8 /* SF-Pro-Text-Regular.otf */,
				F0AA6DAC26607C44006BFAE8 /* SF-Pro-Text-Bold.otf */,
				F0AA6DAD26607C9F006BFAE8 /* SF-Pro-Text-LightItalic.otf */,
			);
			path = Fonts;
			sourceTree = "<group>";
		};
/* End PBXGroup section */

/* Begin PBXNativeTarget section */
		F054C9C32649C86300760E66 /* AfyaChallenge */ = {
			isa = PBXNativeTarget;
			buildConfigurationList = F054C9E12649C86600760E66 /* Build configuration list for PBXNativeTarget "AfyaChallenge" */;
			buildPhases = (
				F054C9C02649C86300760E66 /* Sources */,
				F054C9C12649C86300760E66 /* Frameworks */,
				F054C9C22649C86300760E66 /* Resources */,
			);
			buildRules = (
			);
			dependencies = (
			);
			name = AfyaChallenge;
			packageProductDependencies = (
				F0C1538F26B5A16C009B4BE4 /* Realm */,
				F0C1539126B5A16C009B4BE4 /* RealmSwift */,
			);
			productName = AfyaChallenge;
			productReference = F054C9C42649C86300760E66 /* AfyaChallenge.app */;
			productType = "com.apple.product-type.application";
		};
		F054C9D72649C86600760E66 /* AfyaChallengeTests */ = {
			isa = PBXNativeTarget;
			buildConfigurationList = F054C9E42649C86600760E66 /* Build configuration list for PBXNativeTarget "AfyaChallengeTests" */;
			buildPhases = (
				F054C9D42649C86600760E66 /* Sources */,
				F054C9D52649C86600760E66 /* Frameworks */,
				F054C9D62649C86600760E66 /* Resources */,
			);
			buildRules = (
			);
			dependencies = (
				F054C9DA2649C86600760E66 /* PBXTargetDependency */,
			);
			name = AfyaChallengeTests;
			productName = AfyaChallengeTests;
			productReference = F054C9D82649C86600760E66 /* AfyaChallengeTests.xctest */;
			productType = "com.apple.product-type.bundle.unit-test";
		};
/* End PBXNativeTarget section */

/* Begin PBXProject section */
		F054C9BC2649C86300760E66 /* Project object */ = {
			isa = PBXProject;
			attributes = {
				LastSwiftUpdateCheck = 0940;
				LastUpgradeCheck = 0940;
				ORGANIZATIONNAME = Cyanu;
				TargetAttributes = {
					F054C9C32649C86300760E66 = {
						CreatedOnToolsVersion = 9.4;
					};
					F054C9D72649C86600760E66 = {
						CreatedOnToolsVersion = 9.4;
						TestTargetID = F054C9C32649C86300760E66;
					};
				};
			};
			buildConfigurationList = F054C9BF2649C86300760E66 /* Build configuration list for PBXProject "AfyaChallenge" */;
			compatibilityVersion = "Xcode 9.3";
			developmentRegion = en;
			hasScannedForEncodings = 0;
			knownRegions = (
				en,
				Base,
			);
			mainGroup = F054C9BB2649C86300760E66;
			packageReferences = (
				F0C1538E26B5A16C009B4BE4 /* XCRemoteSwiftPackageReference "realm-cocoa" */,
			);
			productRefGroup = F054C9C52649C86300760E66 /* Products */;
			projectDirPath = "";
			projectRoot = "";
			targets = (
				F054C9C32649C86300760E66 /* AfyaChallenge */,
				F054C9D72649C86600760E66 /* AfyaChallengeTests */,
			);
		};
/* End PBXProject section */

/* Begin PBXResourcesBuildPhase section */
		F054C9C22649C86300760E66 /* Resources */ = {
			isa = PBXResourcesBuildPhase;
			buildActionMask = 2147483647;
			files = (
				F054C9D22649C86600760E66 /* LaunchScreen.storyboard in Resources */,
				F0AA6DAF26607CD9006BFAE8 /* SF-Pro-Text-Bold.otf in Resources */,
				F054C9CF2649C86600760E66 /* Assets.xcassets in Resources */,
				F0AA6DAE26607CD5006BFAE8 /* SF-Pro-Text-Regular.otf in Resources */,
				F0AA6DB026607CE0006BFAE8 /* SF-Pro-Text-LightItalic.otf in Resources */,
				F054C9CD2649C86300760E66 /* Main.storyboard in Resources */,
			);
			runOnlyForDeploymentPostprocessing = 0;
		};
		F054C9D62649C86600760E66 /* Resources */ = {
			isa = PBXResourcesBuildPhase;
			buildActionMask = 2147483647;
			files = (
			);
			runOnlyForDeploymentPostprocessing = 0;
		};
/* End PBXResourcesBuildPhase section */

/* Begin PBXSourcesBuildPhase section */
		F054C9C02649C86300760E66 /* Sources */ = {
			isa = PBXSourcesBuildPhase;
			buildActionMask = 2147483647;
			files = (
				F042E0F5265AF85500405559 /* HomeTableViewModel.swift in Sources */,
				F0519A48269494A10060E476 /* HighlightCollectionViewCell.swift in Sources */,
				F0211DDA265981EE0037F170 /* ShowCollectionViewData.swift in Sources */,
				F0519A4D2695EE320060E476 /* HighlightViewModel.swift in Sources */,
				F0AA6DA4265ED017006BFAE8 /* ShowTableViewCellCollectionDelegate.swift in Sources */,
				F06D0E0426DC1C27002968E7 /* ShowCollectionCellViewModel.swift in Sources */,
				F05B571326C9C7FD003F9B72 /* ShowRequestResponse.swift in Sources */,
				F0519A412693E9DC0060E476 /* HomeTableViewController.swift in Sources */,
				F02537D626B5D7C500187FCE /* Show.swift in Sources */,
				F05B571226C9C7FD003F9B72 /* ImageRequestResponse.swift in Sources */,
				F0AA6D9F265EC347006BFAE8 /* ShowTableViewCell.swift in Sources */,
				F0519A49269494A10060E476 /* HighlightTableViewCell.swift in Sources */,
				F06BA1E126DD630600B293E1 /* ShowDetailViewModel.swift in Sources */,
				F0AA6DA826600E54006BFAE8 /* ShowTableViewCellCollectionData.swift in Sources */,
				F08FE949264B743700D01F4E /* ShowDetailViewController.swift in Sources */,
				F0211DDC2659DF7B0037F170 /* ShowCollectionViewLayout.swift in Sources */,
				F02537C926B5A36C00187FCE /* RealmManager.swift in Sources */,
				F08FE94B264C19E400D01F4E /* EpisodeDetailViewController.swift in Sources */,
				F08FE944264B51FA00D01F4E /* ShowCollectionViewController.swift in Sources */,
				F00634A126D03C3B001771EE /* MainNavigationController.swift in Sources */,
				F0211DDE2659E6A30037F170 /* ShowCollectionViewDelegate.swift in Sources */,
				F05B571126C9C7FD003F9B72 /* EpisodeRequestResponse.swift in Sources */,
				F054C9C82649C86300760E66 /* AppDelegate.swift in Sources */,
				F02537CD26B5C72000187FCE /* ShowCollectionViewModel.swift in Sources */,
				F00634A526D4159D001771EE /* ShowSearchRequestResponse.swift in Sources */,
				F054C9E82649C88100760E66 /* APIClient.swift in Sources */,
				F0AA6DA6265EDB69006BFAE8 /* ShowTableViewCellCollectionLayout.swift in Sources */,
				F0AA6DA2265ECA4A006BFAE8 /* HomeTableViewDelegate.swift in Sources */,
				F02537DA26B884FC00187FCE /* Episode.swift in Sources */,
				F0519A43269494890060E476 /* ShowCollectionViewCell.swift in Sources */,
			);
			runOnlyForDeploymentPostprocessing = 0;
		};
		F054C9D42649C86600760E66 /* Sources */ = {
			isa = PBXSourcesBuildPhase;
			buildActionMask = 2147483647;
			files = (
				F05B571C26C9C891003F9B72 /* APIClientTests.swift in Sources */,
				F05B571D26C9C891003F9B72 /* EpisodeTests.swift in Sources */,
				F054C9DD2649C86600760E66 /* AfyaChallengeTests.swift in Sources */,
				F05B571E26C9C891003F9B72 /* ShowTests.swift in Sources */,
				F05B571F26C9C891003F9B72 /* RealmManagerTests.swift in Sources */,
			);
			runOnlyForDeploymentPostprocessing = 0;
		};
/* End PBXSourcesBuildPhase section */

/* Begin PBXTargetDependency section */
		F054C9DA2649C86600760E66 /* PBXTargetDependency */ = {
			isa = PBXTargetDependency;
			target = F054C9C32649C86300760E66 /* AfyaChallenge */;
			targetProxy = F054C9D92649C86600760E66 /* PBXContainerItemProxy */;
		};
/* End PBXTargetDependency section */

/* Begin PBXVariantGroup section */
		F054C9CB2649C86300760E66 /* Main.storyboard */ = {
			isa = PBXVariantGroup;
			children = (
				F054C9CC2649C86300760E66 /* Base */,
			);
			name = Main.storyboard;
			sourceTree = "<group>";
		};
		F054C9D02649C86600760E66 /* LaunchScreen.storyboard */ = {
			isa = PBXVariantGroup;
			children = (
				F054C9D12649C86600760E66 /* Base */,
			);
			name = LaunchScreen.storyboard;
			sourceTree = "<group>";
		};
/* End PBXVariantGroup section */

/* Begin XCBuildConfiguration section */
		F054C9DF2649C86600760E66 /* Debug */ = {
			isa = XCBuildConfiguration;
			buildSettings = {
				ALWAYS_SEARCH_USER_PATHS = NO;
				CLANG_ANALYZER_NONNULL = YES;
				CLANG_ANALYZER_NUMBER_OBJECT_CONVERSION = YES_AGGRESSIVE;
				CLANG_CXX_LANGUAGE_STANDARD = "gnu++14";
				CLANG_CXX_LIBRARY = "libc++";
				CLANG_ENABLE_MODULES = YES;
				CLANG_ENABLE_OBJC_ARC = YES;
				CLANG_ENABLE_OBJC_WEAK = YES;
				CLANG_WARN_BLOCK_CAPTURE_AUTORELEASING = YES;
				CLANG_WARN_BOOL_CONVERSION = YES;
				CLANG_WARN_COMMA = YES;
				CLANG_WARN_CONSTANT_CONVERSION = YES;
				CLANG_WARN_DEPRECATED_OBJC_IMPLEMENTATIONS = YES;
				CLANG_WARN_DIRECT_OBJC_ISA_USAGE = YES_ERROR;
				CLANG_WARN_DOCUMENTATION_COMMENTS = YES;
				CLANG_WARN_EMPTY_BODY = YES;
				CLANG_WARN_ENUM_CONVERSION = YES;
				CLANG_WARN_INFINITE_RECURSION = YES;
				CLANG_WARN_INT_CONVERSION = YES;
				CLANG_WARN_NON_LITERAL_NULL_CONVERSION = YES;
				CLANG_WARN_OBJC_IMPLICIT_RETAIN_SELF = YES;
				CLANG_WARN_OBJC_LITERAL_CONVERSION = YES;
				CLANG_WARN_OBJC_ROOT_CLASS = YES_ERROR;
				CLANG_WARN_RANGE_LOOP_ANALYSIS = YES;
				CLANG_WARN_STRICT_PROTOTYPES = YES;
				CLANG_WARN_SUSPICIOUS_MOVE = YES;
				CLANG_WARN_UNGUARDED_AVAILABILITY = YES_AGGRESSIVE;
				CLANG_WARN_UNREACHABLE_CODE = YES;
				CLANG_WARN__DUPLICATE_METHOD_MATCH = YES;
				CODE_SIGN_IDENTITY = "iPhone Developer";
				COPY_PHASE_STRIP = NO;
				DEBUG_INFORMATION_FORMAT = dwarf;
				ENABLE_STRICT_OBJC_MSGSEND = YES;
				ENABLE_TESTABILITY = YES;
				GCC_C_LANGUAGE_STANDARD = gnu11;
				GCC_DYNAMIC_NO_PIC = NO;
				GCC_NO_COMMON_BLOCKS = YES;
				GCC_OPTIMIZATION_LEVEL = 0;
				GCC_PREPROCESSOR_DEFINITIONS = (
					"DEBUG=1",
					"$(inherited)",
				);
				GCC_WARN_64_TO_32_BIT_CONVERSION = YES;
				GCC_WARN_ABOUT_RETURN_TYPE = YES_ERROR;
				GCC_WARN_UNDECLARED_SELECTOR = YES;
				GCC_WARN_UNINITIALIZED_AUTOS = YES_AGGRESSIVE;
				GCC_WARN_UNUSED_FUNCTION = YES;
				GCC_WARN_UNUSED_VARIABLE = YES;
				IPHONEOS_DEPLOYMENT_TARGET = 11.4;
				MTL_ENABLE_DEBUG_INFO = YES;
				ONLY_ACTIVE_ARCH = YES;
				SDKROOT = iphoneos;
				SWIFT_ACTIVE_COMPILATION_CONDITIONS = DEBUG;
				SWIFT_OPTIMIZATION_LEVEL = "-Onone";
			};
			name = Debug;
		};
		F054C9E02649C86600760E66 /* Release */ = {
			isa = XCBuildConfiguration;
			buildSettings = {
				ALWAYS_SEARCH_USER_PATHS = NO;
				CLANG_ANALYZER_NONNULL = YES;
				CLANG_ANALYZER_NUMBER_OBJECT_CONVERSION = YES_AGGRESSIVE;
				CLANG_CXX_LANGUAGE_STANDARD = "gnu++14";
				CLANG_CXX_LIBRARY = "libc++";
				CLANG_ENABLE_MODULES = YES;
				CLANG_ENABLE_OBJC_ARC = YES;
				CLANG_ENABLE_OBJC_WEAK = YES;
				CLANG_WARN_BLOCK_CAPTURE_AUTORELEASING = YES;
				CLANG_WARN_BOOL_CONVERSION = YES;
				CLANG_WARN_COMMA = YES;
				CLANG_WARN_CONSTANT_CONVERSION = YES;
				CLANG_WARN_DEPRECATED_OBJC_IMPLEMENTATIONS = YES;
				CLANG_WARN_DIRECT_OBJC_ISA_USAGE = YES_ERROR;
				CLANG_WARN_DOCUMENTATION_COMMENTS = YES;
				CLANG_WARN_EMPTY_BODY = YES;
				CLANG_WARN_ENUM_CONVERSION = YES;
				CLANG_WARN_INFINITE_RECURSION = YES;
				CLANG_WARN_INT_CONVERSION = YES;
				CLANG_WARN_NON_LITERAL_NULL_CONVERSION = YES;
				CLANG_WARN_OBJC_IMPLICIT_RETAIN_SELF = YES;
				CLANG_WARN_OBJC_LITERAL_CONVERSION = YES;
				CLANG_WARN_OBJC_ROOT_CLASS = YES_ERROR;
				CLANG_WARN_RANGE_LOOP_ANALYSIS = YES;
				CLANG_WARN_STRICT_PROTOTYPES = YES;
				CLANG_WARN_SUSPICIOUS_MOVE = YES;
				CLANG_WARN_UNGUARDED_AVAILABILITY = YES_AGGRESSIVE;
				CLANG_WARN_UNREACHABLE_CODE = YES;
				CLANG_WARN__DUPLICATE_METHOD_MATCH = YES;
				CODE_SIGN_IDENTITY = "iPhone Developer";
				COPY_PHASE_STRIP = NO;
				DEBUG_INFORMATION_FORMAT = "dwarf-with-dsym";
				ENABLE_NS_ASSERTIONS = NO;
				ENABLE_STRICT_OBJC_MSGSEND = YES;
				GCC_C_LANGUAGE_STANDARD = gnu11;
				GCC_NO_COMMON_BLOCKS = YES;
				GCC_WARN_64_TO_32_BIT_CONVERSION = YES;
				GCC_WARN_ABOUT_RETURN_TYPE = YES_ERROR;
				GCC_WARN_UNDECLARED_SELECTOR = YES;
				GCC_WARN_UNINITIALIZED_AUTOS = YES_AGGRESSIVE;
				GCC_WARN_UNUSED_FUNCTION = YES;
				GCC_WARN_UNUSED_VARIABLE = YES;
				IPHONEOS_DEPLOYMENT_TARGET = 11.4;
				MTL_ENABLE_DEBUG_INFO = NO;
				SDKROOT = iphoneos;
				SWIFT_COMPILATION_MODE = wholemodule;
				SWIFT_OPTIMIZATION_LEVEL = "-O";
				VALIDATE_PRODUCT = YES;
			};
			name = Release;
		};
		F054C9E22649C86600760E66 /* Debug */ = {
			isa = XCBuildConfiguration;
			buildSettings = {
				ASSETCATALOG_COMPILER_APPICON_NAME = AppIcon;
				CODE_SIGN_STYLE = Automatic;
				DEVELOPMENT_TEAM = WDU3U6PS84;
				INFOPLIST_FILE = AfyaChallenge/Info.plist;
				LD_RUNPATH_SEARCH_PATHS = (
					"$(inherited)",
					"@executable_path/Frameworks",
				);
				PRODUCT_BUNDLE_IDENTIFIER = nu.cya.AfyaChallenge;
				PRODUCT_NAME = "$(TARGET_NAME)";
				SWIFT_VERSION = 4.0;
				TARGETED_DEVICE_FAMILY = "1,2";
			};
			name = Debug;
		};
		F054C9E32649C86600760E66 /* Release */ = {
			isa = XCBuildConfiguration;
			buildSettings = {
				ASSETCATALOG_COMPILER_APPICON_NAME = AppIcon;
				CODE_SIGN_STYLE = Automatic;
				DEVELOPMENT_TEAM = WDU3U6PS84;
				INFOPLIST_FILE = AfyaChallenge/Info.plist;
				LD_RUNPATH_SEARCH_PATHS = (
					"$(inherited)",
					"@executable_path/Frameworks",
				);
				PRODUCT_BUNDLE_IDENTIFIER = nu.cya.AfyaChallenge;
				PRODUCT_NAME = "$(TARGET_NAME)";
				SWIFT_VERSION = 4.0;
				TARGETED_DEVICE_FAMILY = "1,2";
			};
			name = Release;
		};
		F054C9E52649C86600760E66 /* Debug */ = {
			isa = XCBuildConfiguration;
			buildSettings = {
				ALWAYS_EMBED_SWIFT_STANDARD_LIBRARIES = YES;
				BUNDLE_LOADER = "$(TEST_HOST)";
				CODE_SIGN_STYLE = Automatic;
				DEVELOPMENT_TEAM = WDU3U6PS84;
				INFOPLIST_FILE = AfyaChallengeTests/Info.plist;
				LD_RUNPATH_SEARCH_PATHS = (
					"$(inherited)",
					"@executable_path/Frameworks",
					"@loader_path/Frameworks",
				);
				PRODUCT_BUNDLE_IDENTIFIER = nu.cya.AfyaChallengeTests;
				PRODUCT_NAME = "$(TARGET_NAME)";
				SWIFT_VERSION = 4.0;
				TARGETED_DEVICE_FAMILY = "1,2";
				TEST_HOST = "$(BUILT_PRODUCTS_DIR)/AfyaChallenge.app/AfyaChallenge";
			};
			name = Debug;
		};
		F054C9E62649C86600760E66 /* Release */ = {
			isa = XCBuildConfiguration;
			buildSettings = {
				ALWAYS_EMBED_SWIFT_STANDARD_LIBRARIES = YES;
				BUNDLE_LOADER = "$(TEST_HOST)";
				CODE_SIGN_STYLE = Automatic;
				DEVELOPMENT_TEAM = WDU3U6PS84;
				INFOPLIST_FILE = AfyaChallengeTests/Info.plist;
				LD_RUNPATH_SEARCH_PATHS = (
					"$(inherited)",
					"@executable_path/Frameworks",
					"@loader_path/Frameworks",
				);
				PRODUCT_BUNDLE_IDENTIFIER = nu.cya.AfyaChallengeTests;
				PRODUCT_NAME = "$(TARGET_NAME)";
				SWIFT_VERSION = 4.0;
				TARGETED_DEVICE_FAMILY = "1,2";
				TEST_HOST = "$(BUILT_PRODUCTS_DIR)/AfyaChallenge.app/AfyaChallenge";
			};
			name = Release;
		};
/* End XCBuildConfiguration section */

/* Begin XCConfigurationList section */
		F054C9BF2649C86300760E66 /* Build configuration list for PBXProject "AfyaChallenge" */ = {
			isa = XCConfigurationList;
			buildConfigurations = (
				F054C9DF2649C86600760E66 /* Debug */,
				F054C9E02649C86600760E66 /* Release */,
			);
			defaultConfigurationIsVisible = 0;
			defaultConfigurationName = Release;
		};
		F054C9E12649C86600760E66 /* Build configuration list for PBXNativeTarget "AfyaChallenge" */ = {
			isa = XCConfigurationList;
			buildConfigurations = (
				F054C9E22649C86600760E66 /* Debug */,
				F054C9E32649C86600760E66 /* Release */,
			);
			defaultConfigurationIsVisible = 0;
			defaultConfigurationName = Release;
		};
		F054C9E42649C86600760E66 /* Build configuration list for PBXNativeTarget "AfyaChallengeTests" */ = {
			isa = XCConfigurationList;
			buildConfigurations = (
				F054C9E52649C86600760E66 /* Debug */,
				F054C9E62649C86600760E66 /* Release */,
			);
			defaultConfigurationIsVisible = 0;
			defaultConfigurationName = Release;
		};
/* End XCConfigurationList section */

/* Begin XCRemoteSwiftPackageReference section */
		F0C1538E26B5A16C009B4BE4 /* XCRemoteSwiftPackageReference "realm-cocoa" */ = {
			isa = XCRemoteSwiftPackageReference;
			repositoryURL = "https://github.com/realm/realm-cocoa.git";
			requirement = {
				kind = upToNextMajorVersion;
				minimumVersion = 10.11.0;
			};
		};
/* End XCRemoteSwiftPackageReference section */

/* Begin XCSwiftPackageProductDependency section */
		F0C1538F26B5A16C009B4BE4 /* Realm */ = {
			isa = XCSwiftPackageProductDependency;
			package = F0C1538E26B5A16C009B4BE4 /* XCRemoteSwiftPackageReference "realm-cocoa" */;
			productName = Realm;
		};
		F0C1539126B5A16C009B4BE4 /* RealmSwift */ = {
			isa = XCSwiftPackageProductDependency;
			package = F0C1538E26B5A16C009B4BE4 /* XCRemoteSwiftPackageReference "realm-cocoa" */;
			productName = RealmSwift;
		};
/* End XCSwiftPackageProductDependency section */
	};
	rootObject = F054C9BC2649C86300760E66 /* Project object */;
}
