// !$*UTF8*$!
{
	archiveVersion = 1;
	classes = {
	};
	objectVersion = 50;
	objects = {

/* Begin PBXBuildFile section */
		F054C9C82649C86300760E66 /* AppDelegate.swift in Sources */ = {isa = PBXBuildFile; fileRef = F054C9C72649C86300760E66 /* AppDelegate.swift */; };
		F054C9CA2649C86300760E66 /* ViewController.swift in Sources */ = {isa = PBXBuildFile; fileRef = F054C9C92649C86300760E66 /* ViewController.swift */; };
		F054C9CD2649C86300760E66 /* Main.storyboard in Resources */ = {isa = PBXBuildFile; fileRef = F054C9CB2649C86300760E66 /* Main.storyboard */; };
		F054C9CF2649C86600760E66 /* Assets.xcassets in Resources */ = {isa = PBXBuildFile; fileRef = F054C9CE2649C86600760E66 /* Assets.xcassets */; };
		F054C9D22649C86600760E66 /* LaunchScreen.storyboard in Resources */ = {isa = PBXBuildFile; fileRef = F054C9D02649C86600760E66 /* LaunchScreen.storyboard */; };
		F054C9DD2649C86600760E66 /* AfyaChallengeTests.swift in Sources */ = {isa = PBXBuildFile; fileRef = F054C9DC2649C86600760E66 /* AfyaChallengeTests.swift */; };
/* End PBXBuildFile section */

/* Begin PBXContainerItemProxy section */
		F054C9D92649C86600760E66 /* PBXContainerItemProxy */ = {
			isa = PBXContainerItemProxy;
			containerPortal = F054C9BC2649C86300760E66 /* Project object */;
			proxyType = 1;
			remoteGlobalIDString = F054C9C32649C86300760E66;
			remoteInfo = AfyaChallenge;
		};
/* End PBXContainerItemProxy section */

/* Begin PBXFileReference section */
		F054C9C42649C86300760E66 /* AfyaChallenge.app */ = {isa = PBXFileReference; explicitFileType = wrapper.application; includeInIndex = 0; path = AfyaChallenge.app; sourceTree = BUILT_PRODUCTS_DIR; };
		F054C9C72649C86300760E66 /* AppDelegate.swift */ = {isa = PBXFileReference; lastKnownFileType = sourcecode.swift; path = AppDelegate.swift; sourceTree = "<group>"; };
		F054C9C92649C86300760E66 /* ViewController.swift */ = {isa = PBXFileReference; lastKnownFileType = sourcecode.swift; path = ViewController.swift; sourceTree = "<group>"; };
		F054C9CC2649C86300760E66 /* Base */ = {isa = PBXFileReference; lastKnownFileType = file.storyboard; name = Base; path = Base.lproj/Main.storyboard; sourceTree = "<group>"; };
		F054C9CE2649C86600760E66 /* Assets.xcassets */ = {isa = PBXFileReference; lastKnownFileType = folder.assetcatalog; path = Assets.xcassets; sourceTree = "<group>"; };
		F054C9D12649C86600760E66 /* Base */ = {isa = PBXFileReference; lastKnownFileType = file.storyboard; name = Base; path = Base.lproj/LaunchScreen.storyboard; sourceTree = "<group>"; };
		F054C9D32649C86600760E66 /* Info.plist */ = {isa = PBXFileReference; lastKnownFileType = text.plist.xml; path = Info.plist; sourceTree = "<group>"; };
		F054C9D82649C86600760E66 /* AfyaChallengeTests.xctest */ = {isa = PBXFileReference; explicitFileType = wrapper.cfbundle; includeInIndex = 0; path = AfyaChallengeTests.xctest; sourceTree = BUILT_PRODUCTS_DIR; };
		F054C9DC2649C86600760E66 /* AfyaChallengeTests.swift */ = {isa = PBXFileReference; lastKnownFileType = sourcecode.swift; path = AfyaChallengeTests.swift; sourceTree = "<group>"; };
		F054C9DE2649C86600760E66 /* Info.plist */ = {isa = PBXFileReference; lastKnownFileType = text.plist.xml; path = Info.plist; sourceTree = "<group>"; };
/* End PBXFileReference section */

/* Begin PBXFrameworksBuildPhase section */
		F054C9C12649C86300760E66 /* Frameworks */ = {
			isa = PBXFrameworksBuildPhase;
			buildActionMask = 2147483647;
			files = (
			);
			runOnlyForDeploymentPostprocessing = 0;
		};
		F054C9D52649C86600760E66 /* Frameworks */ = {
			isa = PBXFrameworksBuildPhase;
			buildActionMask = 2147483647;
			files = (
			);
			runOnlyForDeploymentPostprocessing = 0;
		};
/* End PBXFrameworksBuildPhase section */

/* Begin PBXGroup section */
		F054C9BB2649C86300760E66 = {
			isa = PBXGroup;
			children = (
				F054C9C62649C86300760E66 /* AfyaChallenge */,
				F054C9DB2649C86600760E66 /* AfyaChallengeTests */,
				F054C9C52649C86300760E66 /* Products */,
			);
			sourceTree = "<group>";
		};
		F054C9C52649C86300760E66 /* Products */ = {
			isa = PBXGroup;
			children = (
				F054C9C42649C86300760E66 /* AfyaChallenge.app */,
				F054C9D82649C86600760E66 /* AfyaChallengeTests.xctest */,
			);
			name = Products;
			sourceTree = "<group>";
		};
		F054C9C62649C86300760E66 /* AfyaChallenge */ = {
			isa = PBXGroup;
			children = (
				F054C9C72649C86300760E66 /* AppDelegate.swift */,
				F054C9C92649C86300760E66 /* ViewController.swift */,
				F054C9CB2649C86300760E66 /* Main.storyboard */,
				F054C9CE2649C86600760E66 /* Assets.xcassets */,
				F054C9D02649C86600760E66 /* LaunchScreen.storyboard */,
				F054C9D32649C86600760E66 /* Info.plist */,
			);
			path = AfyaChallenge;
			sourceTree = "<group>";
		};
		F054C9DB2649C86600760E66 /* AfyaChallengeTests */ = {
			isa = PBXGroup;
			children = (
				F054C9DC2649C86600760E66 /* AfyaChallengeTests.swift */,
				F054C9DE2649C86600760E66 /* Info.plist */,
			);
			path = AfyaChallengeTests;
			sourceTree = "<group>";
		};
/* End PBXGroup section */

/* Begin PBXNativeTarget section */
		F054C9C32649C86300760E66 /* AfyaChallenge */ = {
			isa = PBXNativeTarget;
			buildConfigurationList = F054C9E12649C86600760E66 /* Build configuration list for PBXNativeTarget "AfyaChallenge" */;
			buildPhases = (
				F054C9C02649C86300760E66 /* Sources */,
				F054C9C12649C86300760E66 /* Frameworks */,
				F054C9C22649C86300760E66 /* Resources */,
			);
			buildRules = (
			);
			dependencies = (
			);
			name = AfyaChallenge;
			productName = AfyaChallenge;
			productReference = F054C9C42649C86300760E66 /* AfyaChallenge.app */;
			productType = "com.apple.product-type.application";
		};
		F054C9D72649C86600760E66 /* AfyaChallengeTests */ = {
			isa = PBXNativeTarget;
			buildConfigurationList = F054C9E42649C86600760E66 /* Build configuration list for PBXNativeTarget "AfyaChallengeTests" */;
			buildPhases = (
				F054C9D42649C86600760E66 /* Sources */,
				F054C9D52649C86600760E66 /* Frameworks */,
				F054C9D62649C86600760E66 /* Resources */,
			);
			buildRules = (
			);
			dependencies = (
				F054C9DA2649C86600760E66 /* PBXTargetDependency */,
			);
			name = AfyaChallengeTests;
			productName = AfyaChallengeTests;
			productReference = F054C9D82649C86600760E66 /* AfyaChallengeTests.xctest */;
			productType = "com.apple.product-type.bundle.unit-test";
		};
/* End PBXNativeTarget section */

/* Begin PBXProject section */
		F054C9BC2649C86300760E66 /* Project object */ = {
			isa = PBXProject;
			attributes = {
				LastSwiftUpdateCheck = 0940;
				LastUpgradeCheck = 0940;
				ORGANIZATIONNAME = Cyanu;
				TargetAttributes = {
					F054C9C32649C86300760E66 = {
						CreatedOnToolsVersion = 9.4;
					};
					F054C9D72649C86600760E66 = {
						CreatedOnToolsVersion = 9.4;
						TestTargetID = F054C9C32649C86300760E66;
					};
				};
			};
			buildConfigurationList = F054C9BF2649C86300760E66 /* Build configuration list for PBXProject "AfyaChallenge" */;
			compatibilityVersion = "Xcode 9.3";
			developmentRegion = en;
			hasScannedForEncodings = 0;
			knownRegions = (
				en,
				Base,
			);
			mainGroup = F054C9BB2649C86300760E66;
			productRefGroup = F054C9C52649C86300760E66 /* Products */;
			projectDirPath = "";
			projectRoot = "";
			targets = (
				F054C9C32649C86300760E66 /* AfyaChallenge */,
				F054C9D72649C86600760E66 /* AfyaChallengeTests */,
			);
		};
/* End PBXProject section */

/* Begin PBXResourcesBuildPhase section */
		F054C9C22649C86300760E66 /* Resources */ = {
			isa = PBXResourcesBuildPhase;
			buildActionMask = 2147483647;
			files = (
				F054C9D22649C86600760E66 /* LaunchScreen.storyboard in Resources */,
				F054C9CF2649C86600760E66 /* Assets.xcassets in Resources */,
				F054C9CD2649C86300760E66 /* Main.storyboard in Resources */,
			);
			runOnlyForDeploymentPostprocessing = 0;
		};
		F054C9D62649C86600760E66 /* Resources */ = {
			isa = PBXResourcesBuildPhase;
			buildActionMask = 2147483647;
			files = (
			);
			runOnlyForDeploymentPostprocessing = 0;
		};
/* End PBXResourcesBuildPhase section */

/* Begin PBXSourcesBuildPhase section */
		F054C9C02649C86300760E66 /* Sources */ = {
			isa = PBXSourcesBuildPhase;
			buildActionMask = 2147483647;
			files = (
				F054C9CA2649C86300760E66 /* ViewController.swift in Sources */,
				F054C9C82649C86300760E66 /* AppDelegate.swift in Sources */,
			);
			runOnlyForDeploymentPostprocessing = 0;
		};
		F054C9D42649C86600760E66 /* Sources */ = {
			isa = PBXSourcesBuildPhase;
			buildActionMask = 2147483647;
			files = (
				F054C9DD2649C86600760E66 /* AfyaChallengeTests.swift in Sources */,
			);
			runOnlyForDeploymentPostprocessing = 0;
		};
/* End PBXSourcesBuildPhase section */

/* Begin PBXTargetDependency section */
		F054C9DA2649C86600760E66 /* PBXTargetDependency */ = {
			isa = PBXTargetDependency;
			target = F054C9C32649C86300760E66 /* AfyaChallenge */;
			targetProxy = F054C9D92649C86600760E66 /* PBXContainerItemProxy */;
		};
/* End PBXTargetDependency section */

/* Begin PBXVariantGroup section */
		F054C9CB2649C86300760E66 /* Main.storyboard */ = {
			isa = PBXVariantGroup;
			children = (
				F054C9CC2649C86300760E66 /* Base */,
			);
			name = Main.storyboard;
			sourceTree = "<group>";
		};
		F054C9D02649C86600760E66 /* LaunchScreen.storyboard */ = {
			isa = PBXVariantGroup;
			children = (
				F054C9D12649C86600760E66 /* Base */,
			);
			name = LaunchScreen.storyboard;
			sourceTree = "<group>";
		};
/* End PBXVariantGroup section */

/* Begin XCBuildConfiguration section */
		F054C9DF2649C86600760E66 /* Debug */ = {
			isa = XCBuildConfiguration;
			buildSettings = {
				ALWAYS_SEARCH_USER_PATHS = NO;
				CLANG_ANALYZER_NONNULL = YES;
				CLANG_ANALYZER_NUMBER_OBJECT_CONVERSION = YES_AGGRESSIVE;
				CLANG_CXX_LANGUAGE_STANDARD = "gnu++14";
				CLANG_CXX_LIBRARY = "libc++";
				CLANG_ENABLE_MODULES = YES;
				CLANG_ENABLE_OBJC_ARC = YES;
				CLANG_ENABLE_OBJC_WEAK = YES;
				CLANG_WARN_BLOCK_CAPTURE_AUTORELEASING = YES;
				CLANG_WARN_BOOL_CONVERSION = YES;
				CLANG_WARN_COMMA = YES;
				CLANG_WARN_CONSTANT_CONVERSION = YES;
				CLANG_WARN_DEPRECATED_OBJC_IMPLEMENTATIONS = YES;
				CLANG_WARN_DIRECT_OBJC_ISA_USAGE = YES_ERROR;
				CLANG_WARN_DOCUMENTATION_COMMENTS = YES;
				CLANG_WARN_EMPTY_BODY = YES;
				CLANG_WARN_ENUM_CONVERSION = YES;
				CLANG_WARN_INFINITE_RECURSION = YES;
				CLANG_WARN_INT_CONVERSION = YES;
				CLANG_WARN_NON_LITERAL_NULL_CONVERSION = YES;
				CLANG_WARN_OBJC_IMPLICIT_RETAIN_SELF = YES;
				CLANG_WARN_OBJC_LITERAL_CONVERSION = YES;
				CLANG_WARN_OBJC_ROOT_CLASS = YES_ERROR;
				CLANG_WARN_RANGE_LOOP_ANALYSIS = YES;
				CLANG_WARN_STRICT_PROTOTYPES = YES;
				CLANG_WARN_SUSPICIOUS_MOVE = YES;
				CLANG_WARN_UNGUARDED_AVAILABILITY = YES_AGGRESSIVE;
				CLANG_WARN_UNREACHABLE_CODE = YES;
				CLANG_WARN__DUPLICATE_METHOD_MATCH = YES;
				CODE_SIGN_IDENTITY = "iPhone Developer";
				COPY_PHASE_STRIP = NO;
				DEBUG_INFORMATION_FORMAT = dwarf;
				ENABLE_STRICT_OBJC_MSGSEND = YES;
				ENABLE_TESTABILITY = YES;
				GCC_C_LANGUAGE_STANDARD = gnu11;
				GCC_DYNAMIC_NO_PIC = NO;
				GCC_NO_COMMON_BLOCKS = YES;
				GCC_OPTIMIZATION_LEVEL = 0;
				GCC_PREPROCESSOR_DEFINITIONS = (
					"DEBUG=1",
					"$(inherited)",
				);
				GCC_WARN_64_TO_32_BIT_CONVERSION = YES;
				GCC_WARN_ABOUT_RETURN_TYPE = YES_ERROR;
				GCC_WARN_UNDECLARED_SELECTOR = YES;
				GCC_WARN_UNINITIALIZED_AUTOS = YES_AGGRESSIVE;
				GCC_WARN_UNUSED_FUNCTION = YES;
				GCC_WARN_UNUSED_VARIABLE = YES;
				IPHONEOS_DEPLOYMENT_TARGET = 11.4;
				MTL_ENABLE_DEBUG_INFO = YES;
				ONLY_ACTIVE_ARCH = YES;
				SDKROOT = iphoneos;
				SWIFT_ACTIVE_COMPILATION_CONDITIONS = DEBUG;
				SWIFT_OPTIMIZATION_LEVEL = "-Onone";
			};
			name = Debug;
		};
		F054C9E02649C86600760E66 /* Release */ = {
			isa = XCBuildConfiguration;
			buildSettings = {
				ALWAYS_SEARCH_USER_PATHS = NO;
				CLANG_ANALYZER_NONNULL = YES;
				CLANG_ANALYZER_NUMBER_OBJECT_CONVERSION = YES_AGGRESSIVE;
				CLANG_CXX_LANGUAGE_STANDARD = "gnu++14";
				CLANG_CXX_LIBRARY = "libc++";
				CLANG_ENABLE_MODULES = YES;
				CLANG_ENABLE_OBJC_ARC = YES;
				CLANG_ENABLE_OBJC_WEAK = YES;
				CLANG_WARN_BLOCK_CAPTURE_AUTORELEASING = YES;
				CLANG_WARN_BOOL_CONVERSION = YES;
				CLANG_WARN_COMMA = YES;
				CLANG_WARN_CONSTANT_CONVERSION = YES;
				CLANG_WARN_DEPRECATED_OBJC_IMPLEMENTATIONS = YES;
				CLANG_WARN_DIRECT_OBJC_ISA_USAGE = YES_ERROR;
				CLANG_WARN_DOCUMENTATION_COMMENTS = YES;
				CLANG_WARN_EMPTY_BODY = YES;
				CLANG_WARN_ENUM_CONVERSION = YES;
				CLANG_WARN_INFINITE_RECURSION = YES;
				CLANG_WARN_INT_CONVERSION = YES;
				CLANG_WARN_NON_LITERAL_NULL_CONVERSION = YES;
				CLANG_WARN_OBJC_IMPLICIT_RETAIN_SELF = YES;
				CLANG_WARN_OBJC_LITERAL_CONVERSION = YES;
				CLANG_WARN_OBJC_ROOT_CLASS = YES_ERROR;
				CLANG_WARN_RANGE_LOOP_ANALYSIS = YES;
				CLANG_WARN_STRICT_PROTOTYPES = YES;
				CLANG_WARN_SUSPICIOUS_MOVE = YES;
				CLANG_WARN_UNGUARDED_AVAILABILITY = YES_AGGRESSIVE;
				CLANG_WARN_UNREACHABLE_CODE = YES;
				CLANG_WARN__DUPLICATE_METHOD_MATCH = YES;
				CODE_SIGN_IDENTITY = "iPhone Developer";
				COPY_PHASE_STRIP = NO;
				DEBUG_INFORMATION_FORMAT = "dwarf-with-dsym";
				ENABLE_NS_ASSERTIONS = NO;
				ENABLE_STRICT_OBJC_MSGSEND = YES;
				GCC_C_LANGUAGE_STANDARD = gnu11;
				GCC_NO_COMMON_BLOCKS = YES;
				GCC_WARN_64_TO_32_BIT_CONVERSION = YES;
				GCC_WARN_ABOUT_RETURN_TYPE = YES_ERROR;
				GCC_WARN_UNDECLARED_SELECTOR = YES;
				GCC_WARN_UNINITIALIZED_AUTOS = YES_AGGRESSIVE;
				GCC_WARN_UNUSED_FUNCTION = YES;
				GCC_WARN_UNUSED_VARIABLE = YES;
				IPHONEOS_DEPLOYMENT_TARGET = 11.4;
				MTL_ENABLE_DEBUG_INFO = NO;
				SDKROOT = iphoneos;
				SWIFT_COMPILATION_MODE = wholemodule;
				SWIFT_OPTIMIZATION_LEVEL = "-O";
				VALIDATE_PRODUCT = YES;
			};
			name = Release;
		};
		F054C9E22649C86600760E66 /* Debug */ = {
			isa = XCBuildConfiguration;
			buildSettings = {
				ASSETCATALOG_COMPILER_APPICON_NAME = AppIcon;
				CODE_SIGN_STYLE = Automatic;
				DEVELOPMENT_TEAM = WDU3U6PS84;
				INFOPLIST_FILE = AfyaChallenge/Info.plist;
				LD_RUNPATH_SEARCH_PATHS = (
					"$(inherited)",
					"@executable_path/Frameworks",
				);
				PRODUCT_BUNDLE_IDENTIFIER = nu.cya.AfyaChallenge;
				PRODUCT_NAME = "$(TARGET_NAME)";
				SWIFT_VERSION = 4.0;
				TARGETED_DEVICE_FAMILY = "1,2";
			};
			name = Debug;
		};
		F054C9E32649C86600760E66 /* Release */ = {
			isa = XCBuildConfiguration;
			buildSettings = {
				ASSETCATALOG_COMPILER_APPICON_NAME = AppIcon;
				CODE_SIGN_STYLE = Automatic;
				DEVELOPMENT_TEAM = WDU3U6PS84;
				INFOPLIST_FILE = AfyaChallenge/Info.plist;
				LD_RUNPATH_SEARCH_PATHS = (
					"$(inherited)",
					"@executable_path/Frameworks",
				);
				PRODUCT_BUNDLE_IDENTIFIER = nu.cya.AfyaChallenge;
				PRODUCT_NAME = "$(TARGET_NAME)";
				SWIFT_VERSION = 4.0;
				TARGETED_DEVICE_FAMILY = "1,2";
			};
			name = Release;
		};
		F054C9E52649C86600760E66 /* Debug */ = {
			isa = XCBuildConfiguration;
			buildSettings = {
				ALWAYS_EMBED_SWIFT_STANDARD_LIBRARIES = YES;
				BUNDLE_LOADER = "$(TEST_HOST)";
				CODE_SIGN_STYLE = Automatic;
				DEVELOPMENT_TEAM = WDU3U6PS84;
				INFOPLIST_FILE = AfyaChallengeTests/Info.plist;
				LD_RUNPATH_SEARCH_PATHS = (
					"$(inherited)",
					"@executable_path/Frameworks",
					"@loader_path/Frameworks",
				);
				PRODUCT_BUNDLE_IDENTIFIER = nu.cya.AfyaChallengeTests;
				PRODUCT_NAME = "$(TARGET_NAME)";
				SWIFT_VERSION = 4.0;
				TARGETED_DEVICE_FAMILY = "1,2";
				TEST_HOST = "$(BUILT_PRODUCTS_DIR)/AfyaChallenge.app/AfyaChallenge";
			};
			name = Debug;
		};
		F054C9E62649C86600760E66 /* Release */ = {
			isa = XCBuildConfiguration;
			buildSettings = {
				ALWAYS_EMBED_SWIFT_STANDARD_LIBRARIES = YES;
				BUNDLE_LOADER = "$(TEST_HOST)";
				CODE_SIGN_STYLE = Automatic;
				DEVELOPMENT_TEAM = WDU3U6PS84;
				INFOPLIST_FILE = AfyaChallengeTests/Info.plist;
				LD_RUNPATH_SEARCH_PATHS = (
					"$(inherited)",
					"@executable_path/Frameworks",
					"@loader_path/Frameworks",
				);
				PRODUCT_BUNDLE_IDENTIFIER = nu.cya.AfyaChallengeTests;
				PRODUCT_NAME = "$(TARGET_NAME)";
				SWIFT_VERSION = 4.0;
				TARGETED_DEVICE_FAMILY = "1,2";
				TEST_HOST = "$(BUILT_PRODUCTS_DIR)/AfyaChallenge.app/AfyaChallenge";
			};
			name = Release;
		};
/* End XCBuildConfiguration section */

/* Begin XCConfigurationList section */
		F054C9BF2649C86300760E66 /* Build configuration list for PBXProject "AfyaChallenge" */ = {
			isa = XCConfigurationList;
			buildConfigurations = (
				F054C9DF2649C86600760E66 /* Debug */,
				F054C9E02649C86600760E66 /* Release */,
			);
			defaultConfigurationIsVisible = 0;
			defaultConfigurationName = Release;
		};
		F054C9E12649C86600760E66 /* Build configuration list for PBXNativeTarget "AfyaChallenge" */ = {
			isa = XCConfigurationList;
			buildConfigurations = (
				F054C9E22649C86600760E66 /* Debug */,
				F054C9E32649C86600760E66 /* Release */,
			);
			defaultConfigurationIsVisible = 0;
			defaultConfigurationName = Release;
		};
		F054C9E42649C86600760E66 /* Build configuration list for PBXNativeTarget "AfyaChallengeTests" */ = {
			isa = XCConfigurationList;
			buildConfigurations = (
				F054C9E52649C86600760E66 /* Debug */,
				F054C9E62649C86600760E66 /* Release */,
			);
			defaultConfigurationIsVisible = 0;
			defaultConfigurationName = Release;
		};
/* End XCConfigurationList section */
	};
	rootObject = F054C9BC2649C86300760E66 /* Project object */;
}
